
Microsoft Visual Studio Solution File, Format Version 10.00
# Visual Studio 2008
Project("{F14B399A-7131-4C87-9E4B-1186C45EF12D}") = "SSRS", "SSRS.rptproj", "{DE616050-9847-4650-AC3F-D8961E404177}"
EndProject
Global
	GlobalSection(SolutionConfigurationPlatforms) = preSolution
		Debug|Default = Debug|Default
		DebugLocal|Default = DebugLocal|Default
		Release|Default = Release|Default
	EndGlobalSection
	GlobalSection(ProjectConfigurationPlatforms) = postSolution
		{DE616050-9847-4650-AC3F-D8961E404177}.Debug|Default.ActiveCfg = Debug
		{DE616050-9847-4650-AC3F-D8961E404177}.Debug|Default.Build.0 = DebugLocal
		{DE616050-9847-4650-AC3F-D8961E404177}.Debug|Default.Deploy.0 = DebugLocal
		{DE616050-9847-4650-AC3F-D8961E404177}.DebugLocal|Default.ActiveCfg = DebugLocal
		{DE616050-9847-4650-AC3F-D8961E404177}.DebugLocal|Default.Build.0 = DebugLocal
		{DE616050-9847-4650-AC3F-D8961E404177}.Release|Default.ActiveCfg = Release
		{DE616050-9847-4650-AC3F-D8961E404177}.Release|Default.Build.0 = Release
		{DE616050-9847-4650-AC3F-D8961E404177}.Release|Default.Deploy.0 = Release
	EndGlobalSection
	GlobalSection(SolutionProperties) = preSolution
		HideSolutionNode = FALSE
	EndGlobalSection
EndGlobal
